
Microsoft Visual Studio Solution File, Format Version 12.00
# Visual Studio 15
VisualStudioVersion = 15.0.27703.2042
MinimumVisualStudioVersion = 10.0.40219.1
Project("{8BC9CEB8-8B4A-11D0-8D11-00A0C91BC942}") = "2018刑侦科推理试题", "2018刑侦科推理试题\2018刑侦科推理试题.vcxproj", "{81910D7C-B608-49A3-B457-F10ADD20A26C}"
EndProject
Global
	GlobalSection(SolutionConfigurationPlatforms) = preSolution
		Debug|x64 = Debug|x64
		Debug|x86 = Debug|x86
		Release|x64 = Release|x64
		Release|x86 = Release|x86
	EndGlobalSection
	GlobalSection(ProjectConfigurationPlatforms) = postSolution
		{81910D7C-B608-49A3-B457-F10ADD20A26C}.Debug|x64.ActiveCfg = Debug|x64
		{81910D7C-B608-49A3-B457-F10ADD20A26C}.Debug|x64.Build.0 = Debug|x64
		{81910D7C-B608-49A3-B457-F10ADD20A26C}.Debug|x86.ActiveCfg = Debug|Win32
		{81910D7C-B608-49A3-B457-F10ADD20A26C}.Debug|x86.Build.0 = Debug|Win32
		{81910D7C-B608-49A3-B457-F10ADD20A26C}.Release|x64.ActiveCfg = Release|x64
		{81910D7C-B608-49A3-B457-F10ADD20A26C}.Release|x64.Build.0 = Release|x64
		{81910D7C-B608-49A3-B457-F10ADD20A26C}.Release|x86.ActiveCfg = Release|Win32
		{81910D7C-B608-49A3-B457-F10ADD20A26C}.Release|x86.Build.0 = Release|Win32
	EndGlobalSection
	GlobalSection(SolutionProperties) = preSolution
		HideSolutionNode = FALSE
	EndGlobalSection
	GlobalSection(ExtensibilityGlobals) = postSolution
		SolutionGuid = {657D5875-083A-4342-8469-DCAC352CECEA}
	EndGlobalSection
EndGlobal
